{
    "hash": "e5d672b79a60ec6693b06ef1d53a49ef",
    "packages": [
        {
            "package": "dflydev/markdown",
            "version": "dev-master",
            "alias-pretty-version": "1.0.x-dev",
            "alias-version": "1.0.9999999.9999999-dev"
        },
        {
            "package": "dflydev/markdown",
            "version": "dev-master",
            "source-reference": "11f8faa2d17f717a038b4d372abd22a6ac4a15dc",
            "commit-date": "1342369887"
        },
        {
            "package": "doctrine/common",
            "version": "2.3.x-dev",
            "source-reference": "bb0aebbf234db52df476a2b473d434745b34221c",
            "commit-date": "1348120518"
        },
        {
            "package": "doctrine/dbal",
            "version": "2.3.x-dev",
            "source-reference": "fdc866a37959e43620e4f7ec519dc7dd8e30fc5b",
            "commit-date": "1348120597"
        },
        {
            "package": "doctrine/doctrine-bundle",
            "version": "dev-master",
            "alias-pretty-version": "1.0.x-dev",
            "alias-version": "1.0.9999999.9999999-dev"
        },
        {
            "package": "doctrine/doctrine-bundle",
            "version": "dev-master",
            "source-reference": "e69a6fd75fa3979e35b7004e6da6e9aea3765997",
            "commit-date": "1349273376"
        },
        {
            "package": "doctrine/orm",
            "version": "2.3.x-dev",
            "source-reference": "04262e2b73cd449cf12b55f2e2c318c8c24c9dd4",
            "commit-date": "1349261302"
        },
        {
            "package": "friendsofsymfony/rest",
            "version": "dev-master",
            "alias-pretty-version": "0.7.x-dev",
            "alias-version": "0.7.9999999.9999999-dev"
        },
        {
            "package": "friendsofsymfony/rest",
            "version": "dev-master",
            "alias-pretty-version": "0.8.x-dev",
            "alias-version": "0.8.9999999.9999999-dev"
        },
        {
            "package": "friendsofsymfony/rest",
            "version": "dev-master",
            "source-reference": "b48857315c39715245303fb5bbc1bab98026209e",
            "commit-date": "1347135166"
        },
        {
            "package": "friendsofsymfony/rest-bundle",
            "version": "dev-master",
            "alias-pretty-version": "0.10.x-dev",
            "alias-version": "0.10.9999999.9999999-dev"
        },
        {
            "package": "friendsofsymfony/rest-bundle",
            "version": "dev-master",
            "source-reference": "7dc85eb2ac086f98ff56a6af7a9f02d1bf7d951d",
            "commit-date": "1349279512"
        },
        {
            "package": "friendsofsymfony/user-bundle",
            "version": "dev-master",
            "alias-pretty-version": "2.0.x-dev",
            "alias-version": "2.0.9999999.9999999-dev"
        },
        {
            "package": "friendsofsymfony/user-bundle",
            "version": "dev-master",
            "source-reference": "570a24893a65e6e90a649d55f384be810202b6f0",
            "commit-date": "1348823929"
        },
        {
            "package": "jms/aop-bundle",
            "version": "1.0.0"
        },
        {
            "package": "jms/cg",
            "version": "1.0.0"
        },
        {
            "package": "jms/di-extra-bundle",
            "version": "1.1.x-dev",
            "source-reference": "1.1.1",
            "commit-date": "1348217792"
        },
        {
            "package": "jms/metadata",
            "version": "1.1.1"
        },
        {
            "package": "jms/security-extra-bundle",
            "version": "1.2.x-dev",
            "source-reference": "9ab6aceda50fc7a2b07d741ba4b3f0695508afcb",
            "commit-date": "1346947943"
        },
        {
            "package": "jms/serializer-bundle",
            "version": "dev-master",
            "alias-pretty-version": "0.9.x-dev",
            "alias-version": "0.9.9999999.9999999-dev"
        },
        {
            "package": "jms/serializer-bundle",
            "version": "dev-master",
            "alias-pretty-version": "1.0.x-dev",
            "alias-version": "1.0.9999999.9999999-dev"
        },
        {
            "package": "jms/serializer-bundle",
            "version": "dev-master",
            "source-reference": "0d3f43b7a99d614f98842dd37eb8543d72f41bb7",
            "commit-date": "1349258236"
        },
        {
            "package": "kriswallsmith/assetic",
            "version": "dev-master",
            "alias-pretty-version": "1.1.x-dev",
            "alias-version": "1.1.9999999.9999999-dev"
        },
        {
            "package": "kriswallsmith/assetic",
            "version": "dev-master",
            "source-reference": "e22c5e07e672bb0cf43127e97e9368b53abf4aa8",
            "commit-date": "1349004759"
        },
        {
            "package": "kriswallsmith/buzz",
            "version": "dev-master",
            "source-reference": "988bf14201ffbed940f23b42f87302e6adec4c21",
            "commit-date": "1345206213"
        },
        {
            "package": "monolog/monolog",
            "version": "dev-master",
            "alias-pretty-version": "1.3.x-dev",
            "alias-version": "1.3.9999999.9999999-dev"
        },
        {
            "package": "monolog/monolog",
            "version": "dev-master",
            "source-reference": "09b3a80cfaf3e323e348a5e817afeee98d5e6b48",
            "commit-date": "1347983448"
        },
        {
            "package": "nelmio/api-doc-bundle",
            "version": "dev-master",
            "alias-pretty-version": "2.0.x-dev",
            "alias-version": "2.0.9999999.9999999-dev"
        },
        {
            "package": "nelmio/api-doc-bundle",
            "version": "dev-master",
            "source-reference": "4cb71512f9ad9b0c3874bb04c95669822cad5042",
            "commit-date": "1347476338"
        },
        {
            "package": "nelmio/cors-bundle",
            "version": "dev-master",
            "source-reference": "9a0bb88eb3ef62ef3ead9fbf83fc73ccb7983b7e",
            "commit-date": "1340782744"
        },
        {
            "package": "sensio/buzz-bundle",
            "version": "dev-master",
            "source-reference": "0754d7dd155efc4f85de60993571b0b6a5aaccb9",
            "commit-date": "1338188924"
        },
        {
            "package": "sensio/distribution-bundle",
            "version": "dev-master",
            "alias-pretty-version": "2.2.x-dev",
            "alias-version": "2.2.9999999.9999999-dev"
        },
        {
            "package": "sensio/distribution-bundle",
            "version": "dev-master",
            "source-reference": "4e86595e02c6e3d76971f790d7c06ec434e1b513",
            "commit-date": "1347635342"
        },
        {
            "package": "sensio/framework-extra-bundle",
            "version": "dev-master",
            "alias-pretty-version": "2.1.x-dev",
            "alias-version": "2.1.9999999.9999999-dev"
        },
        {
            "package": "sensio/framework-extra-bundle",
            "version": "dev-master",
            "alias-pretty-version": "2.2.x-dev",
            "alias-version": "2.2.9999999.9999999-dev"
        },
        {
            "package": "sensio/framework-extra-bundle",
            "version": "dev-master",
            "source-reference": "022903ff98f041ea22ec50f2b4744aeae8a72f4d",
            "commit-date": "1349354881"
        },
        {
            "package": "sensio/generator-bundle",
            "version": "dev-master",
            "alias-pretty-version": "2.2.x-dev",
            "alias-version": "2.2.9999999.9999999-dev"
        },
        {
            "package": "sensio/generator-bundle",
            "version": "dev-master",
            "source-reference": "f5bda1014f5f124a0fd881644664493e36a09ad0",
            "commit-date": "1348070473"
        },
        {
            "package": "swiftmailer/swiftmailer",
            "version": "dev-master",
            "alias-pretty-version": "4.2.x-dev",
            "alias-version": "4.2.9999999.9999999-dev"
        },
        {
            "package": "swiftmailer/swiftmailer",
            "version": "dev-master",
            "source-reference": "22731e907f5ca288c9bfde6b54f3611ace0a6c39",
            "commit-date": "1349196829"
        },
        {
            "package": "symfony/assetic-bundle",
            "version": "dev-master",
            "alias-pretty-version": "2.1.x-dev",
            "alias-version": "2.1.9999999.9999999-dev"
        },
        {
            "package": "symfony/assetic-bundle",
            "version": "dev-master",
            "source-reference": "5ebcf72d9b2d7028ca8c9b71b464ccc81d4795d2",
            "commit-date": "1348938560"
        },
        {
            "package": "symfony/monolog-bundle",
            "version": "dev-master",
            "alias-pretty-version": "2.1.x-dev",
            "alias-version": "2.1.9999999.9999999-dev"
        },
        {
            "package": "symfony/monolog-bundle",
            "version": "dev-master",
            "source-reference": "51517152a608926ee6b40ed8cfbba1a708f0a14f",
            "commit-date": "1348137624"
        },
        {
            "package": "symfony/swiftmailer-bundle",
            "version": "dev-master",
            "alias-pretty-version": "2.1.x-dev",
            "alias-version": "2.1.9999999.9999999-dev"
        },
        {
            "package": "symfony/swiftmailer-bundle",
            "version": "dev-master",
            "source-reference": "e055faf5d7279f3c01ffd58f1548e0fc524b71d1",
            "commit-date": "1348137776"
        },
        {
            "package": "symfony/symfony",
            "version": "dev-master",
            "alias-pretty-version": "2.1.x-dev",
            "alias-version": "2.1.9999999.9999999-dev"
        },
        {
            "package": "symfony/symfony",
            "version": "dev-master",
            "alias-pretty-version": "2.2.x-dev",
            "alias-version": "2.2.9999999.9999999-dev"
        },
        {
            "package": "symfony/symfony",
            "version": "dev-master",
            "source-reference": "c1e77d63d720565e8bb826f76baf61e6e0422b39",
            "commit-date": "1349357059"
        },
        {
            "package": "twig/extensions",
            "version": "dev-master",
            "source-reference": "f904575642b1213db69b4a98f08397e722ba1cae",
            "commit-date": "1346770278"
        },
        {
            "package": "twig/twig",
            "version": "dev-master",
            "alias-pretty-version": "1.10.x-dev",
            "alias-version": "1.10.9999999.9999999-dev"
        },
        {
            "package": "twig/twig",
            "version": "dev-master",
            "source-reference": "120cde3fa54c31047edf1cd003752ca119dec9a8",
            "commit-date": "1348936415"
        }
    ],
    "packages-dev": null,
    "aliases": [

    ],
    "minimum-stability": "dev",
    "stability-flags": {
        "doctrine/doctrine-bundle": 20,
        "twig/extensions": 20,
        "symfony/assetic-bundle": 20,
        "symfony/swiftmailer-bundle": 20,
        "symfony/monolog-bundle": 20,
        "sensio/distribution-bundle": 20,
        "sensio/framework-extra-bundle": 20,
        "sensio/generator-bundle": 20,
        "kriswallsmith/buzz": 20,
        "sensio/buzz-bundle": 20,
        "friendsofsymfony/rest": 20,
        "friendsofsymfony/rest-bundle": 20,
        "nelmio/api-doc-bundle": 20,
        "nelmio/cors-bundle": 20
    }
}
